// !$*UTF8*$!
{
	archiveVersion = 1;
	classes = {
	};
	objectVersion = 46;
	objects = {

/* Begin PBXBuildFile section */
		ED16E0EE1BE278C20092F5EB /* example1.cc in Sources */ = {isa = PBXBuildFile; fileRef = ED16E0ED1BE278C20092F5EB /* example1.cc */; };
/* End PBXBuildFile section */

/* Begin PBXCopyFilesBuildPhase section */
		ED9C3CE91ACCD4AD00D7C86A /* CopyFiles */ = {
			isa = PBXCopyFilesBuildPhase;
			buildActionMask = 2147483647;
			dstPath = /usr/share/man/man1/;
			dstSubfolderSpec = 0;
			files = (
			);
			runOnlyForDeploymentPostprocessing = 1;
		};
/* End PBXCopyFilesBuildPhase section */

/* Begin PBXFileReference section */
		ED16E0ED1BE278C20092F5EB /* example1.cc */ = {isa = PBXFileReference; fileEncoding = 4; lastKnownFileType = sourcecode.cpp.cpp; name = example1.cc; path = ../examples/example1.cc; sourceTree = "<group>"; };
		ED9C3CEB1ACCD4AD00D7C86A /* d3cpp */ = {isa = PBXFileReference; explicitFileType = "compiled.mach-o.executable"; includeInIndex = 0; path = d3cpp; sourceTree = BUILT_PRODUCTS_DIR; };
		EDAD1E151AD42941009C493D /* d3cpp.hh */ = {isa = PBXFileReference; lastKnownFileType = sourcecode.cpp.h; path = d3cpp.hh; sourceTree = "<group>"; };
/* End PBXFileReference section */

/* Begin PBXFrameworksBuildPhase section */
		ED9C3CE81ACCD4AD00D7C86A /* Frameworks */ = {
			isa = PBXFrameworksBuildPhase;
			buildActionMask = 2147483647;
			files = (
			);
			runOnlyForDeploymentPostprocessing = 0;
		};
/* End PBXFrameworksBuildPhase section */

/* Begin PBXGroup section */
		ED9C3CE21ACCD4AD00D7C86A = {
			isa = PBXGroup;
			children = (
				ED9C3CF51ACCD4F600D7C86A /* main */,
				ED9C3CEC1ACCD4AD00D7C86A /* Products */,
			);
			sourceTree = "<group>";
		};
		ED9C3CEC1ACCD4AD00D7C86A /* Products */ = {
			isa = PBXGroup;
			children = (
				ED9C3CEB1ACCD4AD00D7C86A /* d3cpp */,
			);
			name = Products;
			sourceTree = "<group>";
		};
		ED9C3CF51ACCD4F600D7C86A /* main */ = {
			isa = PBXGroup;
			children = (
				ED16E0ED1BE278C20092F5EB /* example1.cc */,
				EDAD1E151AD42941009C493D /* d3cpp.hh */,
			);
			name = main;
			path = ../src;
			sourceTree = "<group>";
		};
/* End PBXGroup section */

/* Begin PBXNativeTarget section */
		ED9C3CEA1ACCD4AD00D7C86A /* d3cpp */ = {
			isa = PBXNativeTarget;
			buildConfigurationList = ED9C3CF21ACCD4AD00D7C86A /* Build configuration list for PBXNativeTarget "d3cpp" */;
			buildPhases = (
				ED9C3CE71ACCD4AD00D7C86A /* Sources */,
				ED9C3CE81ACCD4AD00D7C86A /* Frameworks */,
				ED9C3CE91ACCD4AD00D7C86A /* CopyFiles */,
			);
			buildRules = (
			);
			dependencies = (
			);
			name = d3cpp;
			productName = d3cpp;
			productReference = ED9C3CEB1ACCD4AD00D7C86A /* d3cpp */;
			productType = "com.apple.product-type.tool";
		};
/* End PBXNativeTarget section */

/* Begin PBXProject section */
		ED9C3CE31ACCD4AD00D7C86A /* Project object */ = {
			isa = PBXProject;
			attributes = {
				LastUpgradeCheck = 0620;
				ORGANIZATIONNAME = "Lauro Lins";
				TargetAttributes = {
					ED9C3CEA1ACCD4AD00D7C86A = {
						CreatedOnToolsVersion = 6.2;
					};
				};
			};
			buildConfigurationList = ED9C3CE61ACCD4AD00D7C86A /* Build configuration list for PBXProject "d3cpp" */;
			compatibilityVersion = "Xcode 3.2";
			developmentRegion = English;
			hasScannedForEncodings = 0;
			knownRegions = (
				en,
			);
			mainGroup = ED9C3CE21ACCD4AD00D7C86A;
			productRefGroup = ED9C3CEC1ACCD4AD00D7C86A /* Products */;
			projectDirPath = "";
			projectRoot = "";
			targets = (
				ED9C3CEA1ACCD4AD00D7C86A /* d3cpp */,
			);
		};
/* End PBXProject section */

/* Begin PBXSourcesBuildPhase section */
		ED9C3CE71ACCD4AD00D7C86A /* Sources */ = {
			isa = PBXSourcesBuildPhase;
			buildActionMask = 2147483647;
			files = (
				ED16E0EE1BE278C20092F5EB /* example1.cc in Sources */,
			);
			runOnlyForDeploymentPostprocessing = 0;
		};
/* End PBXSourcesBuildPhase section */

/* Begin XCBuildConfiguration section */
		ED9C3CF01ACCD4AD00D7C86A /* Debug */ = {
			isa = XCBuildConfiguration;
			buildSettings = {
				ALWAYS_SEARCH_USER_PATHS = NO;
				CLANG_CXX_LANGUAGE_STANDARD = "gnu++0x";
				CLANG_CXX_LIBRARY = "libc++";
				CLANG_ENABLE_MODULES = YES;
				CLANG_ENABLE_OBJC_ARC = YES;
				CLANG_WARN_BOOL_CONVERSION = YES;
				CLANG_WARN_CONSTANT_CONVERSION = YES;
				CLANG_WARN_DIRECT_OBJC_ISA_USAGE = YES_ERROR;
				CLANG_WARN_EMPTY_BODY = YES;
				CLANG_WARN_ENUM_CONVERSION = YES;
				CLANG_WARN_INT_CONVERSION = YES;
				CLANG_WARN_OBJC_ROOT_CLASS = YES_ERROR;
				CLANG_WARN_UNREACHABLE_CODE = YES;
				CLANG_WARN__DUPLICATE_METHOD_MATCH = YES;
				COPY_PHASE_STRIP = NO;
				ENABLE_STRICT_OBJC_MSGSEND = YES;
				GCC_C_LANGUAGE_STANDARD = gnu99;
				GCC_DYNAMIC_NO_PIC = NO;
				GCC_OPTIMIZATION_LEVEL = 0;
				GCC_PREPROCESSOR_DEFINITIONS = (
					"DEBUG=1",
					"$(inherited)",
				);
				GCC_SYMBOLS_PRIVATE_EXTERN = NO;
				GCC_WARN_64_TO_32_BIT_CONVERSION = YES;
				GCC_WARN_ABOUT_RETURN_TYPE = YES_ERROR;
				GCC_WARN_UNDECLARED_SELECTOR = YES;
				GCC_WARN_UNINITIALIZED_AUTOS = YES_AGGRESSIVE;
				GCC_WARN_UNUSED_FUNCTION = YES;
				GCC_WARN_UNUSED_VARIABLE = YES;
				MACOSX_DEPLOYMENT_TARGET = 10.10;
				MTL_ENABLE_DEBUG_INFO = YES;
				ONLY_ACTIVE_ARCH = YES;
				SDKROOT = macosx;
			};
			name = Debug;
		};
		ED9C3CF11ACCD4AD00D7C86A /* Release */ = {
			isa = XCBuildConfiguration;
			buildSettings = {
				ALWAYS_SEARCH_USER_PATHS = NO;
				CLANG_CXX_LANGUAGE_STANDARD = "gnu++0x";
				CLANG_CXX_LIBRARY = "libc++";
				CLANG_ENABLE_MODULES = YES;
				CLANG_ENABLE_OBJC_ARC = YES;
				CLANG_WARN_BOOL_CONVERSION = YES;
				CLANG_WARN_CONSTANT_CONVERSION = YES;
				CLANG_WARN_DIRECT_OBJC_ISA_USAGE = YES_ERROR;
				CLANG_WARN_EMPTY_BODY = YES;
				CLANG_WARN_ENUM_CONVERSION = YES;
				CLANG_WARN_INT_CONVERSION = YES;
				CLANG_WARN_OBJC_ROOT_CLASS = YES_ERROR;
				CLANG_WARN_UNREACHABLE_CODE = YES;
				CLANG_WARN__DUPLICATE_METHOD_MATCH = YES;
				COPY_PHASE_STRIP = NO;
				DEBUG_INFORMATION_FORMAT = "dwarf-with-dsym";
				ENABLE_NS_ASSERTIONS = NO;
				ENABLE_STRICT_OBJC_MSGSEND = YES;
				GCC_C_LANGUAGE_STANDARD = gnu99;
				GCC_WARN_64_TO_32_BIT_CONVERSION = YES;
				GCC_WARN_ABOUT_RETURN_TYPE = YES_ERROR;
				GCC_WARN_UNDECLARED_SELECTOR = YES;
				GCC_WARN_UNINITIALIZED_AUTOS = YES_AGGRESSIVE;
				GCC_WARN_UNUSED_FUNCTION = YES;
				GCC_WARN_UNUSED_VARIABLE = YES;
				MACOSX_DEPLOYMENT_TARGET = 10.10;
				MTL_ENABLE_DEBUG_INFO = NO;
				SDKROOT = macosx;
			};
			name = Release;
		};
		ED9C3CF31ACCD4AD00D7C86A /* Debug */ = {
			isa = XCBuildConfiguration;
			buildSettings = {
				PRODUCT_NAME = "$(TARGET_NAME)";
			};
			name = Debug;
		};
		ED9C3CF41ACCD4AD00D7C86A /* Release */ = {
			isa = XCBuildConfiguration;
			buildSettings = {
				PRODUCT_NAME = "$(TARGET_NAME)";
			};
			name = Release;
		};
/* End XCBuildConfiguration section */

/* Begin XCConfigurationList section */
		ED9C3CE61ACCD4AD00D7C86A /* Build configuration list for PBXProject "d3cpp" */ = {
			isa = XCConfigurationList;
			buildConfigurations = (
				ED9C3CF01ACCD4AD00D7C86A /* Debug */,
				ED9C3CF11ACCD4AD00D7C86A /* Release */,
			);
			defaultConfigurationIsVisible = 0;
			defaultConfigurationName = Release;
		};
		ED9C3CF21ACCD4AD00D7C86A /* Build configuration list for PBXNativeTarget "d3cpp" */ = {
			isa = XCConfigurationList;
			buildConfigurations = (
				ED9C3CF31ACCD4AD00D7C86A /* Debug */,
				ED9C3CF41ACCD4AD00D7C86A /* Release */,
			);
			defaultConfigurationIsVisible = 0;
			defaultConfigurationName = Release;
		};
/* End XCConfigurationList section */
	};
	rootObject = ED9C3CE31ACCD4AD00D7C86A /* Project object */;
}
